{
  "version": 4,
  "terraform_version": "1.15.8",
  "serial": 37,
  "lineage": "1385ec5b-71f1-e01b-9192-a66661b4e5f5",
  "outputs": {},
  "resources": [
    {
      "mode": "managed",
      "type": "aws_dynamodb_table",
      "name": "tf_lock",
      "provider": "provider[\"registry.terraform.io/hashicorp/aws\"]",
      "instances": [
        {
          "schema_version": 1,
          "attributes": {
            "arn": "arn:aws:dynamodb:us-east-1:776117902794:table/terraform-lock-table",
            "attribute": [
              {
                "name": "LockID",
                "type": "S"
              }
            ],
            "billing_mode": "PAY_PER_REQUEST",
            "deletion_protection_enabled": false,
            "global_secondary_index": [],
            "global_table_witness": [],
            "hash_key": "LockID",
            "id": "terraform-lock-table",
            "import_table": [],
            "local_secondary_index": [],
            "name": "terraform-lock-table",
            "on_demand_throughput": [],
            "point_in_time_recovery": [
              {
                "enabled": false,
                "recovery_period_in_days": 0
              }
            ],
            "range_key": null,
            "read_capacity": 0,
            "region": "us-east-1",
            "replica": [],
            "restore_date_time": null,
            "restore_source_name": null,
            "restore_source_table_arn": null,
            "restore_to_latest_time": null,
            "server_side_encryption": [],
            "stream_arn": "",
            "stream_enabled": false,
            "stream_label": "",
            "stream_view_type": "",
            "table_class": "STANDARD",
            "tags": null,
            "tags_all": {},
            "timeouts": null,
            "ttl": [
              {
                "attribute_name": "",
                "enabled": false
              }
            ],
            "warm_throughput": [],
            "write_capacity": 0
          },
          "sensitive_attributes": [],
          "identity_schema_version": 0,
          "private": "eyJlMmJmYjczMC1lY2FhLTExZTYtOGY4OC0zNDM2M2JjN2M0YzAiOnsiY3JlYXRlIjoxODAwMDAwMDAwMDAwLCJkZWxldGUiOjYwMDAwMDAwMDAwMCwidXBkYXRlIjozNjAwMDAwMDAwMDAwfSwic2NoZW1hX3ZlcnNpb24iOiIxIn0="
        }
      ]
    },
    {
      "mode": "managed",
      "type": "aws_s3_bucket",
      "name": "tf_state",
      "provider": "provider[\"registry.terraform.io/hashicorp/aws\"]",
      "instances": [
        {
          "schema_version": 0,
          "attributes": {
            "acceleration_status": "",
            "acl": null,
            "arn": "arn:aws:s3:::three-tier-tf-state-bucket-992729",
            "bucket": "three-tier-tf-state-bucket-992729",
            "bucket_domain_name": "three-tier-tf-state-bucket-992729.s3.amazonaws.com",
            "bucket_prefix": "",
            "bucket_region": "us-east-1",
            "bucket_regional_domain_name": "three-tier-tf-state-bucket-992729.s3.us-east-1.amazonaws.com",
            "cors_rule": [],
            "force_destroy": false,
            "grant": [
              {
                "id": "10ad7b3499bfc04c86a6e01eb94fc59fb3a14cf24c2cee00a366b59e4a278888",
                "permissions": [
                  "FULL_CONTROL"
                ],
                "type": "CanonicalUser",
                "uri": ""
              }
            ],
            "hosted_zone_id": "Z3AQBSTGFYJSTF",
            "id": "three-tier-tf-state-bucket-992729",
            "lifecycle_rule": [],
            "logging": [],
            "object_lock_configuration": [],
            "object_lock_enabled": false,
            "policy": "",
            "region": "us-east-1",
            "replication_configuration": [],
            "request_payer": "BucketOwner",
            "server_side_encryption_configuration": [
              {
                "rule": [
                  {
                    "apply_server_side_encryption_by_default": [
                      {
                        "kms_master_key_id": "",
                        "sse_algorithm": "AES256"
                      }
                    ],
                    "bucket_key_enabled": false
                  }
                ]
              }
            ],
            "tags": null,
            "tags_all": {},
            "timeouts": null,
            "versioning": [
              {
                "enabled": false,
                "mfa_delete": false
              }
            ],
            "website": [],
            "website_domain": null,
            "website_endpoint": null
          },
          "sensitive_attributes": [],
          "identity_schema_version": 0,
          "identity": {
            "account_id": "776117902794",
            "bucket": "three-tier-tf-state-bucket-992729",
            "region": "us-east-1"
          },
          "private": "eyJlMmJmYjczMC1lY2FhLTExZTYtOGY4OC0zNDM2M2JjN2M0YzAiOnsiY3JlYXRlIjoxMjAwMDAwMDAwMDAwLCJkZWxldGUiOjM2MDAwMDAwMDAwMDAsInJlYWQiOjEyMDAwMDAwMDAwMDAsInVwZGF0ZSI6MTIwMDAwMDAwMDAwMH19"
        }
      ]
    },
    {
      "mode": "managed",
      "type": "aws_s3_bucket_server_side_encryption_configuration",
      "name": "encryption",
      "provider": "provider[\"registry.terraform.io/hashicorp/aws\"]",
      "instances": [
        {
          "schema_version": 0,
          "attributes": {
            "bucket": "three-tier-tf-state-bucket-992729",
            "expected_bucket_owner": "",
            "id": "three-tier-tf-state-bucket-992729",
            "region": "us-east-1",
            "rule": [
              {
                "apply_server_side_encryption_by_default": [
                  {
                    "kms_master_key_id": "",
                    "sse_algorithm": "AES256"
                  }
                ],
                "blocked_encryption_types": [],
                "bucket_key_enabled": null
              }
            ]
          },
          "sensitive_attributes": [],
          "identity_schema_version": 1,
          "identity": {
            "account_id": "776117902794",
            "bucket": "three-tier-tf-state-bucket-992729",
            "region": "us-east-1"
          },
          "private": "bnVsbA==",
          "dependencies": [
            "aws_s3_bucket.tf_state"
          ]
        }
      ]
    },
    {
      "mode": "managed",
      "type": "aws_s3_bucket_versioning",
      "name": "versioning",
      "provider": "provider[\"registry.terraform.io/hashicorp/aws\"]",
      "instances": [
        {
          "schema_version": 0,
          "attributes": {
            "bucket": "three-tier-tf-state-bucket-992729",
            "expected_bucket_owner": "",
            "id": "three-tier-tf-state-bucket-992729",
            "mfa": null,
            "region": "us-east-1",
            "versioning_configuration": [
              {
                "mfa_delete": "",
                "status": "Enabled"
              }
            ]
          },
          "sensitive_attributes": [],
          "identity_schema_version": 1,
          "identity": {
            "account_id": "776117902794",
            "bucket": "three-tier-tf-state-bucket-992729",
            "region": "us-east-1"
          },
          "private": "bnVsbA==",
          "dependencies": [
            "aws_s3_bucket.tf_state"
          ]
        }
      ]
    },
    {
      "module": "module.module-alb",
      "mode": "managed",
      "type": "aws_lb",
      "name": "demo-alb",
      "provider": "provider[\"registry.terraform.io/hashicorp/aws\"]",
      "instances": [
        {
          "schema_version": 0,
          "attributes": {
            "access_logs": [
              {
                "bucket": "",
                "enabled": false,
                "prefix": ""
              }
            ],
            "arn": "arn:aws:elasticloadbalancing:us-east-1:776117902794:loadbalancer/app/demo-alb/a5843a470d6bf1b6",
            "arn_suffix": "app/demo-alb/a5843a470d6bf1b6",
            "client_keep_alive": 3600,
            "connection_logs": [
              {
                "bucket": "",
                "enabled": false,
                "prefix": ""
              }
            ],
            "customer_owned_ipv4_pool": "",
            "desync_mitigation_mode": "defensive",
            "dns_name": "demo-alb-411199019.us-east-1.elb.amazonaws.com",
            "dns_record_client_routing_policy": null,
            "drop_invalid_header_fields": false,
            "enable_cross_zone_load_balancing": true,
            "enable_deletion_protection": false,
            "enable_http2": true,
            "enable_tls_version_and_cipher_suite_headers": false,
            "enable_waf_fail_open": false,
            "enable_xff_client_port": false,
            "enable_zonal_shift": false,
            "enforce_security_group_inbound_rules_on_private_link_traffic": "",
            "health_check_logs": [
              {
                "bucket": "",
                "enabled": false,
                "prefix": ""
              }
            ],
            "id": "arn:aws:elasticloadbalancing:us-east-1:776117902794:loadbalancer/app/demo-alb/a5843a470d6bf1b6",
            "idle_timeout": 60,
            "internal": false,
            "ip_address_type": "ipv4",
            "ipam_pools": [],
            "load_balancer_type": "application",
            "minimum_load_balancer_capacity": [],
            "name": "demo-alb",
            "name_prefix": "",
            "preserve_host_header": false,
            "region": "us-east-1",
            "secondary_ips_auto_assigned_per_subnet": null,
            "security_groups": [
              "sg-045696a128ad513a2"
            ],
            "subnet_mapping": [
              {
                "allocation_id": "",
                "ipv6_address": "",
                "outpost_id": "",
                "private_ipv4_address": "",
                "subnet_id": "subnet-0877435995899b3fe"
              },
              {
                "allocation_id": "",
                "ipv6_address": "",
                "outpost_id": "",
                "private_ipv4_address": "",
                "subnet_id": "subnet-08faf40144b295c0b"
              }
            ],
            "subnets": [
              "subnet-0877435995899b3fe",
              "subnet-08faf40144b295c0b"
            ],
            "tags": {
              "Name": "demo-ALB"
            },
            "tags_all": {
              "Name": "demo-ALB"
            },
            "timeouts": null,
            "vpc_id": "vpc-0270e0bf08b6100fe",
            "xff_header_processing_mode": "append",
            "zone_id": "Z35SXDOTRQ7X7K"
          },
          "sensitive_attributes": [],
          "identity_schema_version": 0,
          "identity": {
            "arn": "arn:aws:elasticloadbalancing:us-east-1:776117902794:loadbalancer/app/demo-alb/a5843a470d6bf1b6"
          },
          "private": "eyJlMmJmYjczMC1lY2FhLTExZTYtOGY4OC0zNDM2M2JjN2M0YzAiOnsiY3JlYXRlIjo2MDAwMDAwMDAwMDAsImRlbGV0ZSI6NjAwMDAwMDAwMDAwLCJ1cGRhdGUiOjYwMDAwMDAwMDAwMH19",
          "dependencies": [
            "module.module-alb.aws_security_group.alb-sg",
            "module.module-vpc.aws_subnet.alb-subnet-1",
            "module.module-vpc.aws_subnet.alb-subnet-2",
            "module.module-vpc.aws_vpc.demo-vpc",
            "module.module-vpc.data.aws_availability_zones.all-azs"
          ]
        }
      ]
    },
    {
      "module": "module.module-alb",
      "mode": "managed",
      "type": "aws_lb_listener",
      "name": "app-listener",
      "provider": "provider[\"registry.terraform.io/hashicorp/aws\"]",
      "instances": [
        {
          "schema_version": 0,
          "attributes": {
            "alpn_policy": null,
            "arn": "arn:aws:elasticloadbalancing:us-east-1:776117902794:listener/app/demo-alb/a5843a470d6bf1b6/21aa9feeee18b80e",
            "certificate_arn": null,
            "default_action": [
              {
                "authenticate_cognito": [],
                "authenticate_oidc": [],
                "fixed_response": [
                  {
                    "content_type": "text/plain",
                    "message_body": "Not Found, buddy.",
                    "status_code": "404"
                  }
                ],
                "forward": [],
                "jwt_validation": [],
                "order": 1,
                "redirect": [],
                "target_group_arn": "",
                "type": "fixed-response"
              }
            ],
            "id": "arn:aws:elasticloadbalancing:us-east-1:776117902794:listener/app/demo-alb/a5843a470d6bf1b6/21aa9feeee18b80e",
            "load_balancer_arn": "arn:aws:elasticloadbalancing:us-east-1:776117902794:loadbalancer/app/demo-alb/a5843a470d6bf1b6",
            "mutual_authentication": [],
            "port": 80,
            "protocol": "HTTP",
            "region": "us-east-1",
            "routing_http_request_x_amzn_mtls_clientcert_header_name": null,
            "routing_http_request_x_amzn_mtls_clientcert_issuer_header_name": null,
            "routing_http_request_x_amzn_mtls_clientcert_leaf_header_name": null,
            "routing_http_request_x_amzn_mtls_clientcert_serial_number_header_name": null,
            "routing_http_request_x_amzn_mtls_clientcert_subject_header_name": null,
            "routing_http_request_x_amzn_mtls_clientcert_validity_header_name": null,
            "routing_http_request_x_amzn_tls_cipher_suite_header_name": null,
            "routing_http_request_x_amzn_tls_version_header_name": null,
            "routing_http_response_access_control_allow_credentials_header_value": "",
            "routing_http_response_access_control_allow_headers_header_value": "",
            "routing_http_response_access_control_allow_methods_header_value": "",
            "routing_http_response_access_control_allow_origin_header_value": "",
            "routing_http_response_access_control_expose_headers_header_value": "",
            "routing_http_response_access_control_max_age_header_value": "",
            "routing_http_response_content_security_policy_header_value": "",
            "routing_http_response_server_enabled": true,
            "routing_http_response_strict_transport_security_header_value": "",
            "routing_http_response_x_content_type_options_header_value": "",
            "routing_http_response_x_frame_options_header_value": "",
            "ssl_policy": "",
            "tags": null,
            "tags_all": {},
            "tcp_idle_timeout_seconds": null,
            "timeouts": null
          },
          "sensitive_attributes": [],
          "identity_schema_version": 0,
          "identity": {
            "arn": "arn:aws:elasticloadbalancing:us-east-1:776117902794:listener/app/demo-alb/a5843a470d6bf1b6/21aa9feeee18b80e"
          },
          "private": "eyJlMmJmYjczMC1lY2FhLTExZTYtOGY4OC0zNDM2M2JjN2M0YzAiOnsiY3JlYXRlIjozMDAwMDAwMDAwMDAsInVwZGF0ZSI6MzAwMDAwMDAwMDAwfX0=",
          "dependencies": [
            "module.module-alb.aws_lb.demo-alb",
            "module.module-alb.aws_security_group.alb-sg",
            "module.module-vpc.aws_subnet.alb-subnet-1",
            "module.module-vpc.aws_subnet.alb-subnet-2",
            "module.module-vpc.aws_vpc.demo-vpc",
            "module.module-vpc.data.aws_availability_zones.all-azs"
          ]
        }
      ]
    },
    {
      "module": "module.module-alb",
      "mode": "managed",
      "type": "aws_lb_listener_rule",
      "name": "app-listener-rule-1",
      "provider": "provider[\"registry.terraform.io/hashicorp/aws\"]",
      "instances": [
        {
          "schema_version": 0,
          "attributes": {
            "action": [
              {
                "authenticate_cognito": [],
                "authenticate_oidc": [],
                "fixed_response": [],
                "forward": [],
                "jwt_validation": [],
                "order": 1,
                "redirect": [],
                "target_group_arn": "arn:aws:elasticloadbalancing:us-east-1:776117902794:targetgroup/demo-tg/7408197958d9bb5c",
                "type": "forward"
              }
            ],
            "arn": "arn:aws:elasticloadbalancing:us-east-1:776117902794:listener-rule/app/demo-alb/a5843a470d6bf1b6/21aa9feeee18b80e/d4a0ff82bdec9c42",
            "condition": [
              {
                "host_header": [],
                "http_header": [],
                "http_request_method": [],
                "path_pattern": [
                  {
                    "regex_values": [],
                    "values": [
                      "/*"
                    ]
                  }
                ],
                "query_string": [],
                "source_ip": []
              }
            ],
            "id": "arn:aws:elasticloadbalancing:us-east-1:776117902794:listener-rule/app/demo-alb/a5843a470d6bf1b6/21aa9feeee18b80e/d4a0ff82bdec9c42",
            "listener_arn": "arn:aws:elasticloadbalancing:us-east-1:776117902794:listener/app/demo-alb/a5843a470d6bf1b6/21aa9feeee18b80e",
            "priority": 50,
            "region": "us-east-1",
            "tags": null,
            "tags_all": {},
            "transform": []
          },
          "sensitive_attributes": [],
          "identity_schema_version": 0,
          "identity": {
            "arn": "arn:aws:elasticloadbalancing:us-east-1:776117902794:listener-rule/app/demo-alb/a5843a470d6bf1b6/21aa9feeee18b80e/d4a0ff82bdec9c42"
          },
          "private": "bnVsbA==",
          "dependencies": [
            "module.module-alb.aws_lb.demo-alb",
            "module.module-alb.aws_lb_listener.app-listener",
            "module.module-alb.aws_lb_target_group.demo-tg",
            "module.module-alb.aws_security_group.alb-sg",
            "module.module-vpc.aws_subnet.alb-subnet-1",
            "module.module-vpc.aws_subnet.alb-subnet-2",
            "module.module-vpc.aws_vpc.demo-vpc",
            "module.module-vpc.data.aws_availability_zones.all-azs"
          ]
        }
      ]
    },
    {
      "module": "module.module-alb",
      "mode": "managed",
      "type": "aws_lb_target_group",
      "name": "demo-tg",
      "provider": "provider[\"registry.terraform.io/hashicorp/aws\"]",
      "instances": [
        {
          "schema_version": 0,
          "attributes": {
            "arn": "arn:aws:elasticloadbalancing:us-east-1:776117902794:targetgroup/demo-tg/7408197958d9bb5c",
            "arn_suffix": "targetgroup/demo-tg/7408197958d9bb5c",
            "connection_termination": null,
            "deregistration_delay": "300",
            "health_check": [
              {
                "enabled": true,
                "healthy_threshold": 3,
                "interval": 30,
                "matcher": "200-299",
                "path": "/",
                "port": "traffic-port",
                "protocol": "HTTP",
                "timeout": 5,
                "unhealthy_threshold": 2
              }
            ],
            "id": "arn:aws:elasticloadbalancing:us-east-1:776117902794:targetgroup/demo-tg/7408197958d9bb5c",
            "ip_address_type": "ipv4",
            "lambda_multi_value_headers_enabled": false,
            "load_balancer_arns": [],
            "load_balancing_algorithm_type": "round_robin",
            "load_balancing_anomaly_mitigation": "off",
            "load_balancing_cross_zone_enabled": "use_load_balancer_configuration",
            "name": "demo-tg",
            "name_prefix": "",
            "port": 80,
            "preserve_client_ip": null,
            "protocol": "HTTP",
            "protocol_version": "HTTP1",
            "proxy_protocol_v2": false,
            "region": "us-east-1",
            "slow_start": 0,
            "stickiness": [
              {
                "cookie_duration": 86400,
                "cookie_name": "",
                "enabled": false,
                "type": "lb_cookie"
              }
            ],
            "tags": {
              "Name": "demo-tg"
            },
            "tags_all": {
              "Name": "demo-tg"
            },
            "target_control_port": 0,
            "target_failover": [
              {
                "on_deregistration": null,
                "on_unhealthy": null
              }
            ],
            "target_group_health": [
              {
                "dns_failover": [
                  {
                    "minimum_healthy_targets_count": "1",
                    "minimum_healthy_targets_percentage": "off"
                  }
                ],
                "unhealthy_state_routing": [
                  {
                    "minimum_healthy_targets_count": 1,
                    "minimum_healthy_targets_percentage": "off"
                  }
                ]
              }
            ],
            "target_health_state": [
              {
                "enable_unhealthy_connection_termination": null,
                "unhealthy_draining_interval": null
              }
            ],
            "target_type": "instance",
            "vpc_id": "vpc-0270e0bf08b6100fe"
          },
          "sensitive_attributes": [],
          "identity_schema_version": 0,
          "identity": {
            "arn": "arn:aws:elasticloadbalancing:us-east-1:776117902794:targetgroup/demo-tg/7408197958d9bb5c"
          },
          "private": "bnVsbA==",
          "dependencies": [
            "module.module-vpc.aws_vpc.demo-vpc"
          ]
        }
      ]
    },
    {
      "module": "module.module-alb",
      "mode": "managed",
      "type": "aws_security_group",
      "name": "alb-sg",
      "provider": "provider[\"registry.terraform.io/hashicorp/aws\"]",
      "instances": [
        {
          "schema_version": 1,
          "attributes": {
            "arn": "arn:aws:ec2:us-east-1:776117902794:security-group/sg-045696a128ad513a2",
            "description": "Managed by Terraform",
            "egress": [],
            "id": "sg-045696a128ad513a2",
            "ingress": [],
            "name": "alb-sg",
            "name_prefix": "",
            "owner_id": "776117902794",
            "region": "us-east-1",
            "revoke_rules_on_delete": false,
            "tags": {
              "Name": "alb-sg"
            },
            "tags_all": {
              "Name": "alb-sg"
            },
            "timeouts": null,
            "vpc_id": "vpc-0270e0bf08b6100fe"
          },
          "sensitive_attributes": [],
          "identity_schema_version": 0,
          "identity": {
            "account_id": "776117902794",
            "id": "sg-045696a128ad513a2",
            "region": "us-east-1"
          },
          "private": "eyJlMmJmYjczMC1lY2FhLTExZTYtOGY4OC0zNDM2M2JjN2M0YzAiOnsiY3JlYXRlIjo2MDAwMDAwMDAwMDAsImRlbGV0ZSI6OTAwMDAwMDAwMDAwfSwic2NoZW1hX3ZlcnNpb24iOiIxIn0=",
          "dependencies": [
            "module.module-vpc.aws_vpc.demo-vpc"
          ]
        }
      ]
    },
    {
      "module": "module.module-alb",
      "mode": "managed",
      "type": "aws_vpc_security_group_egress_rule",
      "name": "allow-all",
      "provider": "provider[\"registry.terraform.io/hashicorp/aws\"]",
      "instances": [
        {
          "schema_version": 0,
          "attributes": {
            "arn": "arn:aws:ec2:us-east-1:776117902794:security-group-rule/sgr-0c60929d8e2209dfa",
            "cidr_ipv4": "0.0.0.0/0",
            "cidr_ipv6": null,
            "description": null,
            "from_port": null,
            "id": "sgr-0c60929d8e2209dfa",
            "ip_protocol": "-1",
            "prefix_list_id": null,
            "referenced_security_group_id": null,
            "region": "us-east-1",
            "security_group_id": "sg-045696a128ad513a2",
            "security_group_rule_id": "sgr-0c60929d8e2209dfa",
            "tags": null,
            "tags_all": {},
            "to_port": null
          },
          "sensitive_attributes": [],
          "identity_schema_version": 0,
          "identity": {
            "account_id": "776117902794",
            "id": "sgr-0c60929d8e2209dfa",
            "region": "us-east-1"
          },
          "dependencies": [
            "module.module-alb.aws_security_group.alb-sg",
            "module.module-vpc.aws_vpc.demo-vpc"
          ]
        }
      ]
    },
    {
      "module": "module.module-alb",
      "mode": "managed",
      "type": "aws_vpc_security_group_ingress_rule",
      "name": "allow-http",
      "provider": "provider[\"registry.terraform.io/hashicorp/aws\"]",
      "instances": [
        {
          "schema_version": 0,
          "attributes": {
            "arn": "arn:aws:ec2:us-east-1:776117902794:security-group-rule/sgr-06fa10c8fedf2a4e8",
            "cidr_ipv4": "0.0.0.0/0",
            "cidr_ipv6": null,
            "description": null,
            "from_port": 80,
            "id": "sgr-06fa10c8fedf2a4e8",
            "ip_protocol": "tcp",
            "prefix_list_id": null,
            "referenced_security_group_id": null,
            "region": "us-east-1",
            "security_group_id": "sg-045696a128ad513a2",
            "security_group_rule_id": "sgr-06fa10c8fedf2a4e8",
            "tags": null,
            "tags_all": {},
            "to_port": 80
          },
          "sensitive_attributes": [],
          "identity_schema_version": 0,
          "identity": {
            "account_id": "776117902794",
            "id": "sgr-06fa10c8fedf2a4e8",
            "region": "us-east-1"
          },
          "dependencies": [
            "module.module-alb.aws_security_group.alb-sg",
            "module.module-vpc.aws_vpc.demo-vpc"
          ]
        }
      ]
    },
    {
      "module": "module.module-ec2",
      "mode": "managed",
      "type": "aws_key_pair",
      "name": "demo-key-pair",
      "provider": "provider[\"registry.terraform.io/hashicorp/aws\"]",
      "instances": [
        {
          "schema_version": 1,
          "attributes": {
            "arn": "arn:aws:ec2:us-east-1:776117902794:key-pair/demo-key-pair-ec2",
            "fingerprint": "MKyTxxmKb8skl7TH9LZmvnnQ3RtOBwXolEBuCD/gJA8=",
            "id": "demo-key-pair-ec2",
            "key_name": "demo-key-pair-ec2",
            "key_name_prefix": "",
            "key_pair_id": "key-0bbee4720517b11b2",
            "key_type": "ed25519",
            "public_key": "ssh-ed25519 AAAAC3NzaC1lZDI1NTE5AAAAIOCT/syA58BzBniQd1E+dlbQReJHR6PMHRf5C+67X9PC viral@Viral-s-Asus",
            "region": "us-east-1",
            "tags": {
              "Name": "demo-key-pair"
            },
            "tags_all": {
              "Name": "demo-key-pair"
            }
          },
          "sensitive_attributes": [],
          "identity_schema_version": 0,
          "private": "eyJzY2hlbWFfdmVyc2lvbiI6IjEifQ=="
        }
      ]
    },
    {
      "module": "module.module-ec2",
      "mode": "managed",
      "type": "aws_security_group",
      "name": "ec2-sg",
      "provider": "provider[\"registry.terraform.io/hashicorp/aws\"]",
      "instances": [
        {
          "schema_version": 1,
          "attributes": {
            "arn": "arn:aws:ec2:us-east-1:776117902794:security-group/sg-007d9e6b745961f89",
            "description": "Managed by Terraform",
            "egress": [],
            "id": "sg-007d9e6b745961f89",
            "ingress": [],
            "name": "ec2-sg",
            "name_prefix": "",
            "owner_id": "776117902794",
            "region": "us-east-1",
            "revoke_rules_on_delete": false,
            "tags": {
              "Name": "ec2-sg"
            },
            "tags_all": {
              "Name": "ec2-sg"
            },
            "timeouts": null,
            "vpc_id": "vpc-0270e0bf08b6100fe"
          },
          "sensitive_attributes": [],
          "identity_schema_version": 0,
          "identity": {
            "account_id": "776117902794",
            "id": "sg-007d9e6b745961f89",
            "region": "us-east-1"
          },
          "private": "eyJlMmJmYjczMC1lY2FhLTExZTYtOGY4OC0zNDM2M2JjN2M0YzAiOnsiY3JlYXRlIjo2MDAwMDAwMDAwMDAsImRlbGV0ZSI6OTAwMDAwMDAwMDAwfSwic2NoZW1hX3ZlcnNpb24iOiIxIn0=",
          "dependencies": [
            "module.module-vpc.aws_vpc.demo-vpc"
          ]
        }
      ]
    },
    {
      "module": "module.module-ec2",
      "mode": "managed",
      "type": "aws_vpc_security_group_egress_rule",
      "name": "allow-all",
      "provider": "provider[\"registry.terraform.io/hashicorp/aws\"]",
      "instances": [
        {
          "schema_version": 0,
          "attributes": {
            "arn": "arn:aws:ec2:us-east-1:776117902794:security-group-rule/sgr-061b5db6fbcf14ae7",
            "cidr_ipv4": "0.0.0.0/0",
            "cidr_ipv6": null,
            "description": null,
            "from_port": null,
            "id": "sgr-061b5db6fbcf14ae7",
            "ip_protocol": "-1",
            "prefix_list_id": null,
            "referenced_security_group_id": null,
            "region": "us-east-1",
            "security_group_id": "sg-007d9e6b745961f89",
            "security_group_rule_id": "sgr-061b5db6fbcf14ae7",
            "tags": null,
            "tags_all": {},
            "to_port": null
          },
          "sensitive_attributes": [],
          "identity_schema_version": 0,
          "identity": {
            "account_id": "776117902794",
            "id": "sgr-061b5db6fbcf14ae7",
            "region": "us-east-1"
          },
          "dependencies": [
            "module.module-ec2.aws_security_group.ec2-sg",
            "module.module-vpc.aws_vpc.demo-vpc"
          ]
        }
      ]
    },
    {
      "module": "module.module-ec2",
      "mode": "managed",
      "type": "aws_vpc_security_group_ingress_rule",
      "name": "allow-http",
      "provider": "provider[\"registry.terraform.io/hashicorp/aws\"]",
      "instances": [
        {
          "schema_version": 0,
          "attributes": {
            "arn": "arn:aws:ec2:us-east-1:776117902794:security-group-rule/sgr-04442508ac46b2e75",
            "cidr_ipv4": null,
            "cidr_ipv6": null,
            "description": null,
            "from_port": 80,
            "id": "sgr-04442508ac46b2e75",
            "ip_protocol": "tcp",
            "prefix_list_id": null,
            "referenced_security_group_id": "sg-045696a128ad513a2",
            "region": "us-east-1",
            "security_group_id": "sg-007d9e6b745961f89",
            "security_group_rule_id": "sgr-04442508ac46b2e75",
            "tags": null,
            "tags_all": {},
            "to_port": 80
          },
          "sensitive_attributes": [],
          "identity_schema_version": 0,
          "identity": {
            "account_id": "776117902794",
            "id": "sgr-04442508ac46b2e75",
            "region": "us-east-1"
          },
          "dependencies": [
            "module.module-alb.aws_security_group.alb-sg",
            "module.module-ec2.aws_security_group.ec2-sg",
            "module.module-vpc.aws_vpc.demo-vpc"
          ]
        }
      ]
    },
    {
      "module": "module.module-rds",
      "mode": "managed",
      "type": "aws_db_instance",
      "name": "rds-db-instance",
      "provider": "provider[\"registry.terraform.io/hashicorp/aws\"]",
      "instances": []
    },
    {
      "module": "module.module-rds",
      "mode": "managed",
      "type": "aws_db_subnet_group",
      "name": "rds-subnet-group",
      "provider": "provider[\"registry.terraform.io/hashicorp/aws\"]",
      "instances": [
        {
          "schema_version": 0,
          "attributes": {
            "arn": "arn:aws:rds:us-east-1:776117902794:subgrp:rds-subnet-group",
            "description": "Managed by Terraform",
            "id": "rds-subnet-group",
            "name": "rds-subnet-group",
            "name_prefix": "",
            "region": "us-east-1",
            "subnet_ids": [
              "subnet-090cae9135fabd856",
              "subnet-0fb38481b545362ae"
            ],
            "supported_network_types": [
              "IPV4"
            ],
            "tags": null,
            "tags_all": {},
            "vpc_id": "vpc-0270e0bf08b6100fe"
          },
          "sensitive_attributes": [],
          "identity_schema_version": 0,
          "private": "bnVsbA==",
          "dependencies": [
            "module.module-vpc.aws_subnet.rds-subnet-1",
            "module.module-vpc.aws_subnet.rds-subnet-2",
            "module.module-vpc.aws_vpc.demo-vpc",
            "module.module-vpc.data.aws_availability_zones.all-azs"
          ]
        }
      ]
    },
    {
      "module": "module.module-rds",
      "mode": "managed",
      "type": "aws_security_group",
      "name": "rds-sg",
      "provider": "provider[\"registry.terraform.io/hashicorp/aws\"]",
      "instances": [
        {
          "schema_version": 1,
          "attributes": {
            "arn": "arn:aws:ec2:us-east-1:776117902794:security-group/sg-0ba43b8dfb9dec255",
            "description": "Managed by Terraform",
            "egress": [],
            "id": "sg-0ba43b8dfb9dec255",
            "ingress": [],
            "name": "rds-sg",
            "name_prefix": "",
            "owner_id": "776117902794",
            "region": "us-east-1",
            "revoke_rules_on_delete": false,
            "tags": {
              "Name": "rds-sg"
            },
            "tags_all": {
              "Name": "rds-sg"
            },
            "timeouts": null,
            "vpc_id": "vpc-0270e0bf08b6100fe"
          },
          "sensitive_attributes": [],
          "identity_schema_version": 0,
          "identity": {
            "account_id": "776117902794",
            "id": "sg-0ba43b8dfb9dec255",
            "region": "us-east-1"
          },
          "private": "eyJlMmJmYjczMC1lY2FhLTExZTYtOGY4OC0zNDM2M2JjN2M0YzAiOnsiY3JlYXRlIjo2MDAwMDAwMDAwMDAsImRlbGV0ZSI6OTAwMDAwMDAwMDAwfSwic2NoZW1hX3ZlcnNpb24iOiIxIn0=",
          "dependencies": [
            "module.module-vpc.aws_vpc.demo-vpc"
          ]
        }
      ]
    },
    {
      "module": "module.module-rds",
      "mode": "managed",
      "type": "aws_vpc_security_group_egress_rule",
      "name": "allow-all",
      "provider": "provider[\"registry.terraform.io/hashicorp/aws\"]",
      "instances": [
        {
          "schema_version": 0,
          "attributes": {
            "arn": "arn:aws:ec2:us-east-1:776117902794:security-group-rule/sgr-060f5c59f8db2e086",
            "cidr_ipv4": "0.0.0.0/0",
            "cidr_ipv6": null,
            "description": null,
            "from_port": null,
            "id": "sgr-060f5c59f8db2e086",
            "ip_protocol": "-1",
            "prefix_list_id": null,
            "referenced_security_group_id": null,
            "region": "us-east-1",
            "security_group_id": "sg-0ba43b8dfb9dec255",
            "security_group_rule_id": "sgr-060f5c59f8db2e086",
            "tags": null,
            "tags_all": {},
            "to_port": null
          },
          "sensitive_attributes": [],
          "identity_schema_version": 0,
          "identity": {
            "account_id": "776117902794",
            "id": "sgr-060f5c59f8db2e086",
            "region": "us-east-1"
          },
          "dependencies": [
            "module.module-rds.aws_security_group.rds-sg",
            "module.module-vpc.aws_vpc.demo-vpc"
          ]
        }
      ]
    },
    {
      "module": "module.module-rds",
      "mode": "managed",
      "type": "aws_vpc_security_group_ingress_rule",
      "name": "allow-http",
      "provider": "provider[\"registry.terraform.io/hashicorp/aws\"]",
      "instances": [
        {
          "schema_version": 0,
          "attributes": {
            "arn": "arn:aws:ec2:us-east-1:776117902794:security-group-rule/sgr-09196255053105978",
            "cidr_ipv4": null,
            "cidr_ipv6": null,
            "description": null,
            "from_port": 3306,
            "id": "sgr-09196255053105978",
            "ip_protocol": "tcp",
            "prefix_list_id": null,
            "referenced_security_group_id": "sg-007d9e6b745961f89",
            "region": "us-east-1",
            "security_group_id": "sg-0ba43b8dfb9dec255",
            "security_group_rule_id": "sgr-09196255053105978",
            "tags": null,
            "tags_all": {},
            "to_port": 3306
          },
          "sensitive_attributes": [],
          "identity_schema_version": 0,
          "identity": {
            "account_id": "776117902794",
            "id": "sgr-09196255053105978",
            "region": "us-east-1"
          },
          "dependencies": [
            "module.module-ec2.aws_security_group.ec2-sg",
            "module.module-rds.aws_security_group.rds-sg",
            "module.module-vpc.aws_vpc.demo-vpc"
          ]
        }
      ]
    },
    {
      "module": "module.module-vpc",
      "mode": "data",
      "type": "aws_availability_zones",
      "name": "all-azs",
      "provider": "provider[\"registry.terraform.io/hashicorp/aws\"]",
      "instances": [
        {
          "schema_version": 0,
          "attributes": {
            "all_availability_zones": null,
            "exclude_names": null,
            "exclude_zone_ids": null,
            "filter": null,
            "group_names": [
              "us-east-1-zg-1"
            ],
            "id": "us-east-1",
            "names": [
              "us-east-1a",
              "us-east-1b",
              "us-east-1c",
              "us-east-1d",
              "us-east-1e",
              "us-east-1f"
            ],
            "region": "us-east-1",
            "state": null,
            "timeouts": null,
            "zone_ids": [
              "use1-az1",
              "use1-az2",
              "use1-az4",
              "use1-az6",
              "use1-az3",
              "use1-az5"
            ]
          },
          "sensitive_attributes": [],
          "identity_schema_version": 0
        }
      ]
    },
    {
      "module": "module.module-vpc",
      "mode": "managed",
      "type": "aws_eip",
      "name": "demo-eip",
      "provider": "provider[\"registry.terraform.io/hashicorp/aws\"]",
      "instances": [
        {
          "schema_version": 0,
          "attributes": {
            "address": null,
            "allocation_id": "eipalloc-0da0a1acafa6db88a",
            "arn": "arn:aws:ec2:us-east-1:776117902794:elastic-ip/eipalloc-0da0a1acafa6db88a",
            "associate_with_private_ip": null,
            "association_id": "",
            "carrier_ip": "",
            "customer_owned_ip": "",
            "customer_owned_ipv4_pool": "",
            "domain": "vpc",
            "id": "eipalloc-0da0a1acafa6db88a",
            "instance": "",
            "ipam_pool_id": null,
            "network_border_group": "us-east-1",
            "network_interface": "",
            "private_dns": null,
            "private_ip": "",
            "ptr_record": "",
            "public_dns": "ec2-34-234-115-109.compute-1.amazonaws.com",
            "public_ip": "34.234.115.109",
            "public_ipv4_pool": "amazon",
            "region": "us-east-1",
            "tags": {
              "Name": "demo-eip"
            },
            "tags_all": {
              "Name": "demo-eip"
            },
            "timeouts": null
          },
          "sensitive_attributes": [],
          "identity_schema_version": 0,
          "private": "eyJlMmJmYjczMC1lY2FhLTExZTYtOGY4OC0zNDM2M2JjN2M0YzAiOnsiZGVsZXRlIjoxODAwMDAwMDAwMDAsInJlYWQiOjkwMDAwMDAwMDAwMCwidXBkYXRlIjozMDAwMDAwMDAwMDB9fQ=="
        }
      ]
    },
    {
      "module": "module.module-vpc",
      "mode": "managed",
      "type": "aws_internet_gateway",
      "name": "demo-igw",
      "provider": "provider[\"registry.terraform.io/hashicorp/aws\"]",
      "instances": [
        {
          "schema_version": 0,
          "attributes": {
            "arn": "arn:aws:ec2:us-east-1:776117902794:internet-gateway/igw-073b27859b06ac29e",
            "id": "igw-073b27859b06ac29e",
            "owner_id": "776117902794",
            "region": "us-east-1",
            "tags": {
              "Name": "demo--igw"
            },
            "tags_all": {
              "Name": "demo--igw"
            },
            "timeouts": null,
            "vpc_id": "vpc-0270e0bf08b6100fe"
          },
          "sensitive_attributes": [],
          "identity_schema_version": 0,
          "private": "eyJlMmJmYjczMC1lY2FhLTExZTYtOGY4OC0zNDM2M2JjN2M0YzAiOnsiY3JlYXRlIjoxMjAwMDAwMDAwMDAwLCJkZWxldGUiOjEyMDAwMDAwMDAwMDAsInVwZGF0ZSI6MTIwMDAwMDAwMDAwMH19",
          "dependencies": [
            "module.module-vpc.aws_vpc.demo-vpc"
          ]
        }
      ]
    },
    {
      "module": "module.module-vpc",
      "mode": "managed",
      "type": "aws_nat_gateway",
      "name": "demo-ngw",
      "provider": "provider[\"registry.terraform.io/hashicorp/aws\"]",
      "instances": [
        {
          "schema_version": 0,
          "attributes": {
            "allocation_id": "eipalloc-0da0a1acafa6db88a",
            "association_id": "eipassoc-0ad573adf3bab8491",
            "auto_provision_zones": null,
            "auto_scaling_ips": null,
            "availability_mode": "zonal",
            "availability_zone_address": [],
            "connectivity_type": "public",
            "id": "nat-0abc34c44f8633649",
            "network_interface_id": "eni-0fe3a26ded78a07a7",
            "private_ip": "10.0.0.228",
            "public_ip": "34.234.115.109",
            "region": "us-east-1",
            "regional_nat_gateway_address": [],
            "regional_nat_gateway_auto_mode": null,
            "route_table_id": null,
            "secondary_allocation_ids": [],
            "secondary_private_ip_address_count": 0,
            "secondary_private_ip_addresses": [],
            "subnet_id": "subnet-08faf40144b295c0b",
            "tags": {
              "Name": "demo-ngw"
            },
            "tags_all": {
              "Name": "demo-ngw"
            },
            "timeouts": null,
            "vpc_id": "vpc-0270e0bf08b6100fe"
          },
          "sensitive_attributes": [],
          "identity_schema_version": 0,
          "private": "eyJlMmJmYjczMC1lY2FhLTExZTYtOGY4OC0zNDM2M2JjN2M0YzAiOnsiY3JlYXRlIjo2MDAwMDAwMDAwMDAsImRlbGV0ZSI6MTgwMDAwMDAwMDAwMCwidXBkYXRlIjo2MDAwMDAwMDAwMDB9fQ==",
          "dependencies": [
            "module.module-vpc.aws_eip.demo-eip",
            "module.module-vpc.aws_internet_gateway.demo-igw",
            "module.module-vpc.aws_subnet.alb-subnet-1",
            "module.module-vpc.aws_vpc.demo-vpc",
            "module.module-vpc.data.aws_availability_zones.all-azs"
          ]
        }
      ]
    },
    {
      "module": "module.module-vpc",
      "mode": "managed",
      "type": "aws_route_table",
      "name": "private-rt",
      "provider": "provider[\"registry.terraform.io/hashicorp/aws\"]",
      "instances": [
        {
          "schema_version": 0,
          "attributes": {
            "arn": "arn:aws:ec2:us-east-1:776117902794:route-table/rtb-0cd199e246dede0e0",
            "id": "rtb-0cd199e246dede0e0",
            "owner_id": "776117902794",
            "propagating_vgws": [],
            "region": "us-east-1",
            "route": [
              {
                "carrier_gateway_id": "",
                "cidr_block": "0.0.0.0/0",
                "core_network_arn": "",
                "destination_prefix_list_id": "",
                "egress_only_gateway_id": "",
                "gateway_id": "",
                "ipv6_cidr_block": "",
                "local_gateway_id": "",
                "nat_gateway_id": "nat-0abc34c44f8633649",
                "network_interface_id": "",
                "transit_gateway_id": "",
                "vpc_endpoint_id": "",
                "vpc_peering_connection_id": ""
              }
            ],
            "tags": {
              "Name": "private-rt"
            },
            "tags_all": {
              "Name": "private-rt"
            },
            "timeouts": null,
            "vpc_id": "vpc-0270e0bf08b6100fe"
          },
          "sensitive_attributes": [],
          "identity_schema_version": 0,
          "identity": {
            "account_id": "776117902794",
            "id": "rtb-0cd199e246dede0e0",
            "region": "us-east-1"
          },
          "private": "eyJlMmJmYjczMC1lY2FhLTExZTYtOGY4OC0zNDM2M2JjN2M0YzAiOnsiY3JlYXRlIjozMDAwMDAwMDAwMDAsImRlbGV0ZSI6MzAwMDAwMDAwMDAwLCJ1cGRhdGUiOjEyMDAwMDAwMDAwMH19",
          "dependencies": [
            "module.module-vpc.aws_eip.demo-eip",
            "module.module-vpc.aws_internet_gateway.demo-igw",
            "module.module-vpc.aws_nat_gateway.demo-ngw",
            "module.module-vpc.aws_subnet.alb-subnet-1",
            "module.module-vpc.aws_vpc.demo-vpc",
            "module.module-vpc.data.aws_availability_zones.all-azs"
          ]
        }
      ]
    },
    {
      "module": "module.module-vpc",
      "mode": "managed",
      "type": "aws_route_table",
      "name": "public-rt",
      "provider": "provider[\"registry.terraform.io/hashicorp/aws\"]",
      "instances": [
        {
          "schema_version": 0,
          "attributes": {
            "arn": "arn:aws:ec2:us-east-1:776117902794:route-table/rtb-0176fbeb0e54f4dd4",
            "id": "rtb-0176fbeb0e54f4dd4",
            "owner_id": "776117902794",
            "propagating_vgws": [],
            "region": "us-east-1",
            "route": [
              {
                "carrier_gateway_id": "",
                "cidr_block": "0.0.0.0/0",
                "core_network_arn": "",
                "destination_prefix_list_id": "",
                "egress_only_gateway_id": "",
                "gateway_id": "igw-073b27859b06ac29e",
                "ipv6_cidr_block": "",
                "local_gateway_id": "",
                "nat_gateway_id": "",
                "network_interface_id": "",
                "transit_gateway_id": "",
                "vpc_endpoint_id": "",
                "vpc_peering_connection_id": ""
              }
            ],
            "tags": {
              "Name": "public-RT"
            },
            "tags_all": {
              "Name": "public-RT"
            },
            "timeouts": null,
            "vpc_id": "vpc-0270e0bf08b6100fe"
          },
          "sensitive_attributes": [],
          "identity_schema_version": 0,
          "identity": {
            "account_id": "776117902794",
            "id": "rtb-0176fbeb0e54f4dd4",
            "region": "us-east-1"
          },
          "private": "eyJlMmJmYjczMC1lY2FhLTExZTYtOGY4OC0zNDM2M2JjN2M0YzAiOnsiY3JlYXRlIjozMDAwMDAwMDAwMDAsImRlbGV0ZSI6MzAwMDAwMDAwMDAwLCJ1cGRhdGUiOjEyMDAwMDAwMDAwMH19",
          "dependencies": [
            "module.module-vpc.aws_internet_gateway.demo-igw",
            "module.module-vpc.aws_vpc.demo-vpc"
          ]
        }
      ]
    },
    {
      "module": "module.module-vpc",
      "mode": "managed",
      "type": "aws_route_table_association",
      "name": "private-rt-ec2-subnet-1",
      "provider": "provider[\"registry.terraform.io/hashicorp/aws\"]",
      "instances": [
        {
          "schema_version": 0,
          "attributes": {
            "gateway_id": "",
            "id": "rtbassoc-040a00dae602f8adf",
            "region": "us-east-1",
            "route_table_id": "rtb-0cd199e246dede0e0",
            "subnet_id": "subnet-044b28a3213bb2990",
            "timeouts": null
          },
          "sensitive_attributes": [],
          "identity_schema_version": 0,
          "private": "eyJlMmJmYjczMC1lY2FhLTExZTYtOGY4OC0zNDM2M2JjN2M0YzAiOnsiY3JlYXRlIjozMDAwMDAwMDAwMDAsImRlbGV0ZSI6MzAwMDAwMDAwMDAwLCJ1cGRhdGUiOjEyMDAwMDAwMDAwMH19",
          "dependencies": [
            "module.module-vpc.aws_eip.demo-eip",
            "module.module-vpc.aws_internet_gateway.demo-igw",
            "module.module-vpc.aws_nat_gateway.demo-ngw",
            "module.module-vpc.aws_route_table.private-rt",
            "module.module-vpc.aws_subnet.alb-subnet-1",
            "module.module-vpc.aws_subnet.ec2-subnet-1",
            "module.module-vpc.aws_vpc.demo-vpc",
            "module.module-vpc.data.aws_availability_zones.all-azs"
          ]
        }
      ]
    },
    {
      "module": "module.module-vpc",
      "mode": "managed",
      "type": "aws_route_table_association",
      "name": "private-rt-ec2-subnet-2",
      "provider": "provider[\"registry.terraform.io/hashicorp/aws\"]",
      "instances": [
        {
          "schema_version": 0,
          "attributes": {
            "gateway_id": "",
            "id": "rtbassoc-071ce999b44497496",
            "region": "us-east-1",
            "route_table_id": "rtb-0cd199e246dede0e0",
            "subnet_id": "subnet-0735ada6a1d2a533a",
            "timeouts": null
          },
          "sensitive_attributes": [],
          "identity_schema_version": 0,
          "private": "eyJlMmJmYjczMC1lY2FhLTExZTYtOGY4OC0zNDM2M2JjN2M0YzAiOnsiY3JlYXRlIjozMDAwMDAwMDAwMDAsImRlbGV0ZSI6MzAwMDAwMDAwMDAwLCJ1cGRhdGUiOjEyMDAwMDAwMDAwMH19",
          "dependencies": [
            "module.module-vpc.aws_eip.demo-eip",
            "module.module-vpc.aws_internet_gateway.demo-igw",
            "module.module-vpc.aws_nat_gateway.demo-ngw",
            "module.module-vpc.aws_route_table.private-rt",
            "module.module-vpc.aws_subnet.alb-subnet-1",
            "module.module-vpc.aws_subnet.ec2-subnet-2",
            "module.module-vpc.aws_vpc.demo-vpc",
            "module.module-vpc.data.aws_availability_zones.all-azs"
          ]
        }
      ]
    },
    {
      "module": "module.module-vpc",
      "mode": "managed",
      "type": "aws_route_table_association",
      "name": "private-rt-rds-subnet-1",
      "provider": "provider[\"registry.terraform.io/hashicorp/aws\"]",
      "instances": [
        {
          "schema_version": 0,
          "attributes": {
            "gateway_id": "",
            "id": "rtbassoc-0e458b221c446e064",
            "region": "us-east-1",
            "route_table_id": "rtb-0cd199e246dede0e0",
            "subnet_id": "subnet-0fb38481b545362ae",
            "timeouts": null
          },
          "sensitive_attributes": [],
          "identity_schema_version": 0,
          "private": "eyJlMmJmYjczMC1lY2FhLTExZTYtOGY4OC0zNDM2M2JjN2M0YzAiOnsiY3JlYXRlIjozMDAwMDAwMDAwMDAsImRlbGV0ZSI6MzAwMDAwMDAwMDAwLCJ1cGRhdGUiOjEyMDAwMDAwMDAwMH19",
          "dependencies": [
            "module.module-vpc.aws_eip.demo-eip",
            "module.module-vpc.aws_internet_gateway.demo-igw",
            "module.module-vpc.aws_nat_gateway.demo-ngw",
            "module.module-vpc.aws_route_table.private-rt",
            "module.module-vpc.aws_subnet.alb-subnet-1",
            "module.module-vpc.aws_subnet.rds-subnet-1",
            "module.module-vpc.aws_vpc.demo-vpc",
            "module.module-vpc.data.aws_availability_zones.all-azs"
          ]
        }
      ]
    },
    {
      "module": "module.module-vpc",
      "mode": "managed",
      "type": "aws_route_table_association",
      "name": "private-rt-rds-subnet-2",
      "provider": "provider[\"registry.terraform.io/hashicorp/aws\"]",
      "instances": [
        {
          "schema_version": 0,
          "attributes": {
            "gateway_id": "",
            "id": "rtbassoc-0d3ee8b23f8483adb",
            "region": "us-east-1",
            "route_table_id": "rtb-0cd199e246dede0e0",
            "subnet_id": "subnet-090cae9135fabd856",
            "timeouts": null
          },
          "sensitive_attributes": [],
          "identity_schema_version": 0,
          "private": "eyJlMmJmYjczMC1lY2FhLTExZTYtOGY4OC0zNDM2M2JjN2M0YzAiOnsiY3JlYXRlIjozMDAwMDAwMDAwMDAsImRlbGV0ZSI6MzAwMDAwMDAwMDAwLCJ1cGRhdGUiOjEyMDAwMDAwMDAwMH19",
          "dependencies": [
            "module.module-vpc.aws_eip.demo-eip",
            "module.module-vpc.aws_internet_gateway.demo-igw",
            "module.module-vpc.aws_nat_gateway.demo-ngw",
            "module.module-vpc.aws_route_table.private-rt",
            "module.module-vpc.aws_subnet.alb-subnet-1",
            "module.module-vpc.aws_subnet.rds-subnet-2",
            "module.module-vpc.aws_vpc.demo-vpc",
            "module.module-vpc.data.aws_availability_zones.all-azs"
          ]
        }
      ]
    },
    {
      "module": "module.module-vpc",
      "mode": "managed",
      "type": "aws_route_table_association",
      "name": "public-rt-alb-1-subnet",
      "provider": "provider[\"registry.terraform.io/hashicorp/aws\"]",
      "instances": [
        {
          "schema_version": 0,
          "attributes": {
            "gateway_id": "",
            "id": "rtbassoc-0e4dce4b657a0581f",
            "region": "us-east-1",
            "route_table_id": "rtb-0176fbeb0e54f4dd4",
            "subnet_id": "subnet-08faf40144b295c0b",
            "timeouts": null
          },
          "sensitive_attributes": [],
          "identity_schema_version": 0,
          "private": "eyJlMmJmYjczMC1lY2FhLTExZTYtOGY4OC0zNDM2M2JjN2M0YzAiOnsiY3JlYXRlIjozMDAwMDAwMDAwMDAsImRlbGV0ZSI6MzAwMDAwMDAwMDAwLCJ1cGRhdGUiOjEyMDAwMDAwMDAwMH19",
          "dependencies": [
            "module.module-vpc.aws_internet_gateway.demo-igw",
            "module.module-vpc.aws_route_table.public-rt",
            "module.module-vpc.aws_subnet.alb-subnet-1",
            "module.module-vpc.aws_vpc.demo-vpc",
            "module.module-vpc.data.aws_availability_zones.all-azs"
          ]
        }
      ]
    },
    {
      "module": "module.module-vpc",
      "mode": "managed",
      "type": "aws_route_table_association",
      "name": "public-rt-alb-2-subnet",
      "provider": "provider[\"registry.terraform.io/hashicorp/aws\"]",
      "instances": [
        {
          "schema_version": 0,
          "attributes": {
            "gateway_id": "",
            "id": "rtbassoc-052ae753bdbd6cacf",
            "region": "us-east-1",
            "route_table_id": "rtb-0176fbeb0e54f4dd4",
            "subnet_id": "subnet-0877435995899b3fe",
            "timeouts": null
          },
          "sensitive_attributes": [],
          "identity_schema_version": 0,
          "private": "eyJlMmJmYjczMC1lY2FhLTExZTYtOGY4OC0zNDM2M2JjN2M0YzAiOnsiY3JlYXRlIjozMDAwMDAwMDAwMDAsImRlbGV0ZSI6MzAwMDAwMDAwMDAwLCJ1cGRhdGUiOjEyMDAwMDAwMDAwMH19",
          "dependencies": [
            "module.module-vpc.aws_internet_gateway.demo-igw",
            "module.module-vpc.aws_route_table.public-rt",
            "module.module-vpc.aws_subnet.alb-subnet-2",
            "module.module-vpc.aws_vpc.demo-vpc",
            "module.module-vpc.data.aws_availability_zones.all-azs"
          ]
        }
      ]
    },
    {
      "module": "module.module-vpc",
      "mode": "managed",
      "type": "aws_subnet",
      "name": "alb-subnet-1",
      "provider": "provider[\"registry.terraform.io/hashicorp/aws\"]",
      "instances": [
        {
          "schema_version": 1,
          "attributes": {
            "arn": "arn:aws:ec2:us-east-1:776117902794:subnet/subnet-08faf40144b295c0b",
            "assign_ipv6_address_on_creation": false,
            "availability_zone": "us-east-1a",
            "availability_zone_id": "use1-az1",
            "cidr_block": "10.0.0.0/24",
            "customer_owned_ipv4_pool": "",
            "enable_dns64": false,
            "enable_lni_at_device_index": 0,
            "enable_resource_name_dns_a_record_on_launch": false,
            "enable_resource_name_dns_aaaa_record_on_launch": false,
            "id": "subnet-08faf40144b295c0b",
            "ipv4_ipam_pool_id": null,
            "ipv4_netmask_length": null,
            "ipv6_cidr_block": "",
            "ipv6_cidr_block_association_id": "",
            "ipv6_ipam_pool_id": null,
            "ipv6_native": false,
            "ipv6_netmask_length": null,
            "map_customer_owned_ip_on_launch": false,
            "map_public_ip_on_launch": true,
            "outpost_arn": "",
            "owner_id": "776117902794",
            "private_dns_hostname_type_on_launch": "ip-name",
            "region": "us-east-1",
            "tags": {
              "Name": "alb-subnet-1"
            },
            "tags_all": {
              "Name": "alb-subnet-1"
            },
            "timeouts": null,
            "vpc_id": "vpc-0270e0bf08b6100fe"
          },
          "sensitive_attributes": [],
          "identity_schema_version": 0,
          "identity": {
            "account_id": "776117902794",
            "id": "subnet-08faf40144b295c0b",
            "region": "us-east-1"
          },
          "private": "eyJlMmJmYjczMC1lY2FhLTExZTYtOGY4OC0zNDM2M2JjN2M0YzAiOnsiY3JlYXRlIjo2MDAwMDAwMDAwMDAsImRlbGV0ZSI6MTIwMDAwMDAwMDAwMH0sInNjaGVtYV92ZXJzaW9uIjoiMSJ9",
          "dependencies": [
            "module.module-vpc.aws_vpc.demo-vpc",
            "module.module-vpc.data.aws_availability_zones.all-azs"
          ]
        }
      ]
    },
    {
      "module": "module.module-vpc",
      "mode": "managed",
      "type": "aws_subnet",
      "name": "alb-subnet-2",
      "provider": "provider[\"registry.terraform.io/hashicorp/aws\"]",
      "instances": [
        {
          "schema_version": 1,
          "attributes": {
            "arn": "arn:aws:ec2:us-east-1:776117902794:subnet/subnet-0877435995899b3fe",
            "assign_ipv6_address_on_creation": false,
            "availability_zone": "us-east-1b",
            "availability_zone_id": "use1-az2",
            "cidr_block": "10.0.1.0/24",
            "customer_owned_ipv4_pool": "",
            "enable_dns64": false,
            "enable_lni_at_device_index": 0,
            "enable_resource_name_dns_a_record_on_launch": false,
            "enable_resource_name_dns_aaaa_record_on_launch": false,
            "id": "subnet-0877435995899b3fe",
            "ipv4_ipam_pool_id": null,
            "ipv4_netmask_length": null,
            "ipv6_cidr_block": "",
            "ipv6_cidr_block_association_id": "",
            "ipv6_ipam_pool_id": null,
            "ipv6_native": false,
            "ipv6_netmask_length": null,
            "map_customer_owned_ip_on_launch": false,
            "map_public_ip_on_launch": true,
            "outpost_arn": "",
            "owner_id": "776117902794",
            "private_dns_hostname_type_on_launch": "ip-name",
            "region": "us-east-1",
            "tags": {
              "Name": "alb-subnet-2"
            },
            "tags_all": {
              "Name": "alb-subnet-2"
            },
            "timeouts": null,
            "vpc_id": "vpc-0270e0bf08b6100fe"
          },
          "sensitive_attributes": [],
          "identity_schema_version": 0,
          "identity": {
            "account_id": "776117902794",
            "id": "subnet-0877435995899b3fe",
            "region": "us-east-1"
          },
          "private": "eyJlMmJmYjczMC1lY2FhLTExZTYtOGY4OC0zNDM2M2JjN2M0YzAiOnsiY3JlYXRlIjo2MDAwMDAwMDAwMDAsImRlbGV0ZSI6MTIwMDAwMDAwMDAwMH0sInNjaGVtYV92ZXJzaW9uIjoiMSJ9",
          "dependencies": [
            "module.module-vpc.aws_vpc.demo-vpc",
            "module.module-vpc.data.aws_availability_zones.all-azs"
          ]
        }
      ]
    },
    {
      "module": "module.module-vpc",
      "mode": "managed",
      "type": "aws_subnet",
      "name": "ec2-subnet-1",
      "provider": "provider[\"registry.terraform.io/hashicorp/aws\"]",
      "instances": [
        {
          "schema_version": 1,
          "attributes": {
            "arn": "arn:aws:ec2:us-east-1:776117902794:subnet/subnet-044b28a3213bb2990",
            "assign_ipv6_address_on_creation": false,
            "availability_zone": "us-east-1a",
            "availability_zone_id": "use1-az1",
            "cidr_block": "10.0.50.0/24",
            "customer_owned_ipv4_pool": "",
            "enable_dns64": false,
            "enable_lni_at_device_index": 0,
            "enable_resource_name_dns_a_record_on_launch": false,
            "enable_resource_name_dns_aaaa_record_on_launch": false,
            "id": "subnet-044b28a3213bb2990",
            "ipv4_ipam_pool_id": null,
            "ipv4_netmask_length": null,
            "ipv6_cidr_block": "",
            "ipv6_cidr_block_association_id": "",
            "ipv6_ipam_pool_id": null,
            "ipv6_native": false,
            "ipv6_netmask_length": null,
            "map_customer_owned_ip_on_launch": false,
            "map_public_ip_on_launch": true,
            "outpost_arn": "",
            "owner_id": "776117902794",
            "private_dns_hostname_type_on_launch": "ip-name",
            "region": "us-east-1",
            "tags": {
              "Name": "ec2-subnet-1"
            },
            "tags_all": {
              "Name": "ec2-subnet-1"
            },
            "timeouts": null,
            "vpc_id": "vpc-0270e0bf08b6100fe"
          },
          "sensitive_attributes": [],
          "identity_schema_version": 0,
          "identity": {
            "account_id": "776117902794",
            "id": "subnet-044b28a3213bb2990",
            "region": "us-east-1"
          },
          "private": "eyJlMmJmYjczMC1lY2FhLTExZTYtOGY4OC0zNDM2M2JjN2M0YzAiOnsiY3JlYXRlIjo2MDAwMDAwMDAwMDAsImRlbGV0ZSI6MTIwMDAwMDAwMDAwMH0sInNjaGVtYV92ZXJzaW9uIjoiMSJ9",
          "dependencies": [
            "module.module-vpc.aws_vpc.demo-vpc",
            "module.module-vpc.data.aws_availability_zones.all-azs"
          ]
        }
      ]
    },
    {
      "module": "module.module-vpc",
      "mode": "managed",
      "type": "aws_subnet",
      "name": "ec2-subnet-2",
      "provider": "provider[\"registry.terraform.io/hashicorp/aws\"]",
      "instances": [
        {
          "schema_version": 1,
          "attributes": {
            "arn": "arn:aws:ec2:us-east-1:776117902794:subnet/subnet-0735ada6a1d2a533a",
            "assign_ipv6_address_on_creation": false,
            "availability_zone": "us-east-1b",
            "availability_zone_id": "use1-az2",
            "cidr_block": "10.0.51.0/24",
            "customer_owned_ipv4_pool": "",
            "enable_dns64": false,
            "enable_lni_at_device_index": 0,
            "enable_resource_name_dns_a_record_on_launch": false,
            "enable_resource_name_dns_aaaa_record_on_launch": false,
            "id": "subnet-0735ada6a1d2a533a",
            "ipv4_ipam_pool_id": null,
            "ipv4_netmask_length": null,
            "ipv6_cidr_block": "",
            "ipv6_cidr_block_association_id": "",
            "ipv6_ipam_pool_id": null,
            "ipv6_native": false,
            "ipv6_netmask_length": null,
            "map_customer_owned_ip_on_launch": false,
            "map_public_ip_on_launch": true,
            "outpost_arn": "",
            "owner_id": "776117902794",
            "private_dns_hostname_type_on_launch": "ip-name",
            "region": "us-east-1",
            "tags": {
              "Name": "ec2-subnet-2"
            },
            "tags_all": {
              "Name": "ec2-subnet-2"
            },
            "timeouts": null,
            "vpc_id": "vpc-0270e0bf08b6100fe"
          },
          "sensitive_attributes": [],
          "identity_schema_version": 0,
          "identity": {
            "account_id": "776117902794",
            "id": "subnet-0735ada6a1d2a533a",
            "region": "us-east-1"
          },
          "private": "eyJlMmJmYjczMC1lY2FhLTExZTYtOGY4OC0zNDM2M2JjN2M0YzAiOnsiY3JlYXRlIjo2MDAwMDAwMDAwMDAsImRlbGV0ZSI6MTIwMDAwMDAwMDAwMH0sInNjaGVtYV92ZXJzaW9uIjoiMSJ9",
          "dependencies": [
            "module.module-vpc.aws_vpc.demo-vpc",
            "module.module-vpc.data.aws_availability_zones.all-azs"
          ]
        }
      ]
    },
    {
      "module": "module.module-vpc",
      "mode": "managed",
      "type": "aws_subnet",
      "name": "rds-subnet-1",
      "provider": "provider[\"registry.terraform.io/hashicorp/aws\"]",
      "instances": [
        {
          "schema_version": 1,
          "attributes": {
            "arn": "arn:aws:ec2:us-east-1:776117902794:subnet/subnet-0fb38481b545362ae",
            "assign_ipv6_address_on_creation": false,
            "availability_zone": "us-east-1a",
            "availability_zone_id": "use1-az1",
            "cidr_block": "10.0.100.0/24",
            "customer_owned_ipv4_pool": "",
            "enable_dns64": false,
            "enable_lni_at_device_index": 0,
            "enable_resource_name_dns_a_record_on_launch": false,
            "enable_resource_name_dns_aaaa_record_on_launch": false,
            "id": "subnet-0fb38481b545362ae",
            "ipv4_ipam_pool_id": null,
            "ipv4_netmask_length": null,
            "ipv6_cidr_block": "",
            "ipv6_cidr_block_association_id": "",
            "ipv6_ipam_pool_id": null,
            "ipv6_native": false,
            "ipv6_netmask_length": null,
            "map_customer_owned_ip_on_launch": false,
            "map_public_ip_on_launch": true,
            "outpost_arn": "",
            "owner_id": "776117902794",
            "private_dns_hostname_type_on_launch": "ip-name",
            "region": "us-east-1",
            "tags": {
              "Name": "rds-subnet-1"
            },
            "tags_all": {
              "Name": "rds-subnet-1"
            },
            "timeouts": null,
            "vpc_id": "vpc-0270e0bf08b6100fe"
          },
          "sensitive_attributes": [],
          "identity_schema_version": 0,
          "identity": {
            "account_id": "776117902794",
            "id": "subnet-0fb38481b545362ae",
            "region": "us-east-1"
          },
          "private": "eyJlMmJmYjczMC1lY2FhLTExZTYtOGY4OC0zNDM2M2JjN2M0YzAiOnsiY3JlYXRlIjo2MDAwMDAwMDAwMDAsImRlbGV0ZSI6MTIwMDAwMDAwMDAwMH0sInNjaGVtYV92ZXJzaW9uIjoiMSJ9",
          "dependencies": [
            "module.module-vpc.aws_vpc.demo-vpc",
            "module.module-vpc.data.aws_availability_zones.all-azs"
          ]
        }
      ]
    },
    {
      "module": "module.module-vpc",
      "mode": "managed",
      "type": "aws_subnet",
      "name": "rds-subnet-2",
      "provider": "provider[\"registry.terraform.io/hashicorp/aws\"]",
      "instances": [
        {
          "schema_version": 1,
          "attributes": {
            "arn": "arn:aws:ec2:us-east-1:776117902794:subnet/subnet-090cae9135fabd856",
            "assign_ipv6_address_on_creation": false,
            "availability_zone": "us-east-1b",
            "availability_zone_id": "use1-az2",
            "cidr_block": "10.0.101.0/24",
            "customer_owned_ipv4_pool": "",
            "enable_dns64": false,
            "enable_lni_at_device_index": 0,
            "enable_resource_name_dns_a_record_on_launch": false,
            "enable_resource_name_dns_aaaa_record_on_launch": false,
            "id": "subnet-090cae9135fabd856",
            "ipv4_ipam_pool_id": null,
            "ipv4_netmask_length": null,
            "ipv6_cidr_block": "",
            "ipv6_cidr_block_association_id": "",
            "ipv6_ipam_pool_id": null,
            "ipv6_native": false,
            "ipv6_netmask_length": null,
            "map_customer_owned_ip_on_launch": false,
            "map_public_ip_on_launch": true,
            "outpost_arn": "",
            "owner_id": "776117902794",
            "private_dns_hostname_type_on_launch": "ip-name",
            "region": "us-east-1",
            "tags": {
              "Name": "rds-subnet-2"
            },
            "tags_all": {
              "Name": "rds-subnet-2"
            },
            "timeouts": null,
            "vpc_id": "vpc-0270e0bf08b6100fe"
          },
          "sensitive_attributes": [],
          "identity_schema_version": 0,
          "identity": {
            "account_id": "776117902794",
            "id": "subnet-090cae9135fabd856",
            "region": "us-east-1"
          },
          "private": "eyJlMmJmYjczMC1lY2FhLTExZTYtOGY4OC0zNDM2M2JjN2M0YzAiOnsiY3JlYXRlIjo2MDAwMDAwMDAwMDAsImRlbGV0ZSI6MTIwMDAwMDAwMDAwMH0sInNjaGVtYV92ZXJzaW9uIjoiMSJ9",
          "dependencies": [
            "module.module-vpc.aws_vpc.demo-vpc",
            "module.module-vpc.data.aws_availability_zones.all-azs"
          ]
        }
      ]
    },
    {
      "module": "module.module-vpc",
      "mode": "managed",
      "type": "aws_vpc",
      "name": "demo-vpc",
      "provider": "provider[\"registry.terraform.io/hashicorp/aws\"]",
      "instances": [
        {
          "schema_version": 1,
          "attributes": {
            "arn": "arn:aws:ec2:us-east-1:776117902794:vpc/vpc-0270e0bf08b6100fe",
            "assign_generated_ipv6_cidr_block": false,
            "cidr_block": "10.0.0.0/16",
            "default_network_acl_id": "acl-05f6b36b8cc2c4b5d",
            "default_route_table_id": "rtb-0a6c78848a2b3eacc",
            "default_security_group_id": "sg-0f3cae134dd3ba20f",
            "dhcp_options_id": "dopt-08b9064e22969b975",
            "enable_dns_hostnames": true,
            "enable_dns_support": true,
            "enable_network_address_usage_metrics": false,
            "id": "vpc-0270e0bf08b6100fe",
            "instance_tenancy": "default",
            "ipv4_ipam_pool_id": null,
            "ipv4_netmask_length": null,
            "ipv6_association_id": "",
            "ipv6_cidr_block": "",
            "ipv6_cidr_block_network_border_group": "",
            "ipv6_ipam_pool_id": "",
            "ipv6_netmask_length": 0,
            "main_route_table_id": "rtb-0a6c78848a2b3eacc",
            "owner_id": "776117902794",
            "region": "us-east-1",
            "tags": {
              "Name": "demo--vpc"
            },
            "tags_all": {
              "Name": "demo--vpc"
            }
          },
          "sensitive_attributes": [],
          "identity_schema_version": 0,
          "identity": {
            "account_id": "776117902794",
            "id": "vpc-0270e0bf08b6100fe",
            "region": "us-east-1"
          },
          "private": "eyJzY2hlbWFfdmVyc2lvbiI6IjEifQ=="
        }
      ]
    }
  ],
  "check_results": null
}
